
Microsoft Visual Studio Solution File, Format Version 12.00
# Visual Studio 2013
VisualStudioVersion = 12.0.31101.0
MinimumVisualStudioVersion = 10.0.40219.1
Project("{2150E333-8FDC-42A3-9474-1A3956D46DE8}") = "Solution Items", "Solution Items", "{BFEB1080-FE55-44E6-AB34-E021D72A8309}"
	ProjectSection(SolutionItems) = preProject
		Class1.cs = Class1.cs
		Client.cs = Client.cs
		MyMessage.cs = MyMessage.cs
		MyShape.cs = MyShape.cs
		Rect.cs = Rect.cs
		Triangle.cs = Triangle.cs
	EndProjectSection
EndProject
Global
	GlobalSection(SolutionProperties) = preSolution
		HideSolutionNode = FALSE
	EndGlobalSection
EndGlobal
